
Microsoft Visual Studio Solution File, Format Version 12.00
# Visual Studio Version 16
VisualStudioVersion = 16.0.29609.76
MinimumVisualStudioVersion = 10.0.40219.1
Project("{9A19103F-16F7-4668-BE54-9A1E7A4F7556}") = "CalculateHowdyBenchmark", "CalculateHowdyBenchmark\CalculateHowdyBenchmark.csproj", "{9D31CC84-177A-4133-8EE3-1E808414829D}"
EndProject
Project("{2150E333-8FDC-42A3-9474-1A3956D46DE8}") = "Solution Items", "Solution Items", "{71AD4F37-A982-48C4-AD01-9C42FAA7AF15}"
	ProjectSection(SolutionItems) = preProject
		..\.nuget\NuGet.Config = ..\.nuget\NuGet.Config
	EndProjectSection
EndProject
Project("{9A19103F-16F7-4668-BE54-9A1E7A4F7556}") = "CalculateDivisionMetrics", "CalculateDivisionMetrics\CalculateDivisionMetrics.csproj", "{41F6E7A4-8A37-418B-A7FC-D2DFC528EDCB}"
EndProject
Project("{FAE04EC0-301F-11D3-BF4B-00C04F79EFBC}") = "CalculateEmployeeOptoutTimeline", "CalculateEmployeeOptoutTimeline\CalculateEmployeeOptoutTimeline.csproj", "{76254B51-1BCE-452F-80B7-C64A9335831F}"
EndProject
Global
	GlobalSection(SolutionConfigurationPlatforms) = preSolution
		Debug|Any CPU = Debug|Any CPU
		Release|Any CPU = Release|Any CPU
	EndGlobalSection
	GlobalSection(ProjectConfigurationPlatforms) = postSolution
		{9D31CC84-177A-4133-8EE3-1E808414829D}.Debug|Any CPU.ActiveCfg = Debug|Any CPU
		{9D31CC84-177A-4133-8EE3-1E808414829D}.Debug|Any CPU.Build.0 = Debug|Any CPU
		{9D31CC84-177A-4133-8EE3-1E808414829D}.Release|Any CPU.ActiveCfg = Release|Any CPU
		{9D31CC84-177A-4133-8EE3-1E808414829D}.Release|Any CPU.Build.0 = Release|Any CPU
		{41F6E7A4-8A37-418B-A7FC-D2DFC528EDCB}.Debug|Any CPU.ActiveCfg = Debug|Any CPU
		{41F6E7A4-8A37-418B-A7FC-D2DFC528EDCB}.Debug|Any CPU.Build.0 = Debug|Any CPU
		{41F6E7A4-8A37-418B-A7FC-D2DFC528EDCB}.Release|Any CPU.ActiveCfg = Release|Any CPU
		{41F6E7A4-8A37-418B-A7FC-D2DFC528EDCB}.Release|Any CPU.Build.0 = Release|Any CPU
		{76254B51-1BCE-452F-80B7-C64A9335831F}.Debug|Any CPU.ActiveCfg = Debug|Any CPU
		{76254B51-1BCE-452F-80B7-C64A9335831F}.Debug|Any CPU.Build.0 = Debug|Any CPU
		{76254B51-1BCE-452F-80B7-C64A9335831F}.Release|Any CPU.ActiveCfg = Release|Any CPU
		{76254B51-1BCE-452F-80B7-C64A9335831F}.Release|Any CPU.Build.0 = Release|Any CPU
	EndGlobalSection
	GlobalSection(SolutionProperties) = preSolution
		HideSolutionNode = FALSE
	EndGlobalSection
	GlobalSection(ExtensibilityGlobals) = postSolution
		SolutionGuid = {DD5FD442-5C26-40EB-AC15-26D07521C1D1}
	EndGlobalSection
EndGlobal
